
Microsoft Visual Studio Solution File, Format Version 12.00
# Visual Studio 15
VisualStudioVersion = 15.0.28307.705
MinimumVisualStudioVersion = 10.0.40219.1
Project("{FAE04EC0-301F-11D3-BF4B-00C04F79EFBC}") = "BusServices", "BusServices\BusServices.csproj", "{355F86E2-1678-4A6E-B3C9-8E798BF5AFF0}"
EndProject
Project("{FAE04EC0-301F-11D3-BF4B-00C04F79EFBC}") = "BusServicesHost", "BusServicesHost\BusServicesHost.csproj", "{329BBEA3-65CC-41CB-9030-91B69F8153FA}"
EndProject
Global
	GlobalSection(SolutionConfigurationPlatforms) = preSolution
		Debug|Any CPU = Debug|Any CPU
		Release|Any CPU = Release|Any CPU
	EndGlobalSection
	GlobalSection(ProjectConfigurationPlatforms) = postSolution
		{355F86E2-1678-4A6E-B3C9-8E798BF5AFF0}.Debug|Any CPU.ActiveCfg = Debug|Any CPU
		{355F86E2-1678-4A6E-B3C9-8E798BF5AFF0}.Debug|Any CPU.Build.0 = Debug|Any CPU
		{355F86E2-1678-4A6E-B3C9-8E798BF5AFF0}.Release|Any CPU.ActiveCfg = Release|Any CPU
		{355F86E2-1678-4A6E-B3C9-8E798BF5AFF0}.Release|Any CPU.Build.0 = Release|Any CPU
		{329BBEA3-65CC-41CB-9030-91B69F8153FA}.Debug|Any CPU.ActiveCfg = Debug|Any CPU
		{329BBEA3-65CC-41CB-9030-91B69F8153FA}.Debug|Any CPU.Build.0 = Debug|Any CPU
		{329BBEA3-65CC-41CB-9030-91B69F8153FA}.Release|Any CPU.ActiveCfg = Release|Any CPU
		{329BBEA3-65CC-41CB-9030-91B69F8153FA}.Release|Any CPU.Build.0 = Release|Any CPU
	EndGlobalSection
	GlobalSection(SolutionProperties) = preSolution
		HideSolutionNode = FALSE
	EndGlobalSection
	GlobalSection(ExtensibilityGlobals) = postSolution
		SolutionGuid = {231CCF31-3FE3-49C6-B97F-4655001DF011}
	EndGlobalSection
EndGlobal
